{
  "lockfileVersion": 1,
  "configVersion": 0,
  "workspaces": {
    "": {
      "name": "docker-pglite",
      "dependencies": {
        "@electric-sql/pglite-socket": "^0.2.0",
        "zod": "^4.1.11",
      },
      "devDependencies": {
        "@types/bun": "latest",
      },
      "peerDependencies": {
        "typescript": "^5 || ^6.0.0 || ^7.0.0",
      },
    },
  },
  "packages": {
    "@electric-sql/pglite": ["@electric-sql/pglite@0.3.10", "", {}, "sha512-1XtXXprd848aR4hvjNqBc3Gc86zNGmd60x+MgOUShbHYxt+J76N8A81DqTEl275T8xBD0vdTgqR/dJ4yJyz0NQ=="],

    "@electric-sql/pglite-age": ["@electric-sql/pglite-age@0.0.9", "", { "peerDependencies": { "@electric-sql/pglite": "0.5.8" } }, "sha512-IdNy5P5nxwKVeSPLjDLXkp/eYffH5roympM7fTG+g9ehzBrDnQ9TT2tfCJ2vRVcOSPQBp4oURzfRE19cs/x8ZA=="],

    "@electric-sql/pglite-pg_hashids": ["@electric-sql/pglite-pg_hashids@0.0.9", "", { "peerDependencies": { "@electric-sql/pglite": "0.5.8" } }, "sha512-NffsZH+FaRLp0WzsYG35BW/wOHLsTs325zjgp+PnKlWeGyW523Mbw4EZ1Awm02C3QWBU9p8Y2Fk02Al5NpRGUg=="],

    "@electric-sql/pglite-pg_ivm": ["@electric-sql/pglite-pg_ivm@0.0.9", "", { "peerDependencies": { "@electric-sql/pglite": "0.5.8" } }, "sha512-mbTcDLQyzeOG4rX6LLHhWDPJeQUv2xHvayKtf4oE7xujWEGWEDUEJP1+U0pXXELtIoWiUzzPBWjzKY1mRisqkQ=="],

    "@electric-sql/pglite-pg_textsearch": ["@electric-sql/pglite-pg_textsearch@0.0.10", "", { "peerDependencies": { "@electric-sql/pglite": "0.5.8" } }, "sha512-tsL1rTYU4tzIC44htL7/0nS6C2XC5Srz0tfxU1LJelCqNIBkpFI9Esw1JbuVCaQKUHGDbPgAz8JYavNxwbuRVw=="],

    "@electric-sql/pglite-pg_uuidv7": ["@electric-sql/pglite-pg_uuidv7@0.0.9", "", { "peerDependencies": { "@electric-sql/pglite": "0.5.8" } }, "sha512-n/JbzoQMF9jFKFxGLRIzUfC1O4V2vTE0Pt3uoAO6/EP7dX5m1h4zBdezQAcT2JFostD0YWUdzHj9iYvcbUGM1A=="],

    "@electric-sql/pglite-pgtap": ["@electric-sql/pglite-pgtap@0.0.9", "", { "peerDependencies": { "@electric-sql/pglite": "0.5.8" } }, "sha512-VIyclfOawUN0IJROKiCnrVxsZQEG7tixgiC8c8nxp9TlBhI79MZqotoqlqvdPzGHmjWZlcgJ7tC8InOcy+2A/A=="],

    "@electric-sql/pglite-pgvector": ["@electric-sql/pglite-pgvector@0.0.9", "", { "peerDependencies": { "@electric-sql/pglite": "0.5.8" } }, "sha512-ue4iBW651gDQwBwn97Ekv1lYGPvXa1ymHbRbTCSL0Ib286PRDD1VDOwzwEoekZuO/wctMbTzKzlwdgDwYrqZ8A=="],

    "@electric-sql/pglite-socket": ["@electric-sql/pglite-socket@0.2.11", "", { "peerDependencies": { "@electric-sql/pglite": "0.5.8", "@electric-sql/pglite-age": "0.0.9", "@electric-sql/pglite-pg_hashids": "0.0.9", "@electric-sql/pglite-pg_ivm": "0.0.9", "@electric-sql/pglite-pg_textsearch": "0.0.10", "@electric-sql/pglite-pg_uuidv7": "0.0.9", "@electric-sql/pglite-pgtap": "0.0.9", "@electric-sql/pglite-pgvector": "0.0.9" }, "bin": { "pglite-server": "dist/scripts/server.js" } }, "sha512-DKnJBf7+5zFCXXGZAGUvGoWKetPPvaQ7fLSGVqP5onzgBhV9vvTcHigireMROMglgovvhoXHaMOKqt69/vts4A=="],

    "@types/bun": ["@types/bun@1.2.22", "", { "dependencies": { "bun-types": "1.2.22" } }, "sha512-5A/KrKos2ZcN0c6ljRSOa1fYIyCKhZfIVYeuyb4snnvomnpFqC0tTsEkdqNxbAgExV384OETQ//WAjl3XbYqQA=="],

    "@types/node": ["@types/node@24.5.2", "", { "dependencies": { "undici-types": "~7.12.0" } }, "sha512-FYxk1I7wPv3K2XBaoyH2cTnocQEu8AOZ60hPbsyukMPLv5/5qr7V1i8PLHdl6Zf87I+xZXFvPCXYjiTFq+YSDQ=="],

    "@types/react": ["@types/react@19.1.13", "", { "dependencies": { "csstype": "^3.0.2" } }, "sha512-hHkbU/eoO3EG5/MZkuFSKmYqPbSVk5byPFa3e7y/8TybHiLMACgI8seVYlicwk7H5K/rI2px9xrQp/C+AUDTiQ=="],

    "bun-types": ["bun-types@1.2.22", "", { "dependencies": { "@types/node": "*" }, "peerDependencies": { "@types/react": "^19" } }, "sha512-hwaAu8tct/Zn6Zft4U9BsZcXkYomzpHJX28ofvx7k0Zz2HNz54n1n+tDgxoWFGB4PcFvJXJQloPhaV2eP3Q6EA=="],

    "csstype": ["csstype@3.1.3", "", {}, "sha512-M1uQkMl8rQK/szD0LNhtqxIPLpimGm8sOBwU7lLnCpSbTyY3yeU1Vc7l4KT5zT4s/yOxHH5O7tIuuLOCnLADRw=="],

    "typescript": ["typescript@5.9.2", "", { "bin": { "tsc": "bin/tsc", "tsserver": "bin/tsserver" } }, "sha512-CWBzXQrc/qOkhidw1OzBTQuYRbfyxDXJMVJ1XNwUHGROVmuaeiEm3OslpZ1RV96d7SKKjZKrSJu3+t/xlw3R9A=="],

    "undici-types": ["undici-types@7.12.0", "", {}, "sha512-goOacqME2GYyOZZfb5Lgtu+1IDmAlAEu5xnD3+xTzS10hT0vzpf0SPjkXwAw9Jm+4n/mQGDP3LO8CPbYROeBfQ=="],

    "zod": ["zod@4.1.11", "", {}, "sha512-WPsqwxITS2tzx1bzhIKsEs19ABD5vmCVa4xBo2tq/SrV4RNZtfws1EnCWQXM6yh8bD08a1idvkB5MZSBiZsjwg=="],
  }
}
